
Microsoft Visual Studio Solution File, Format Version 11.00
# Visual C++ Express 2010
Project("{8BC9CEB8-8B4A-11D0-8D11-00A0C91BC942}") = "Selection Sort", "Selection Sort\Selection Sort.vcxproj", "{0EC8EEC1-8A32-44AB-A75B-63743A51DE2A}"
EndProject
Global
	GlobalSection(SolutionConfigurationPlatforms) = preSolution
		Debug|Win32 = Debug|Win32
		Release|Win32 = Release|Win32
	EndGlobalSection
	GlobalSection(ProjectConfigurationPlatforms) = postSolution
		{0EC8EEC1-8A32-44AB-A75B-63743A51DE2A}.Debug|Win32.ActiveCfg = Debug|Win32
		{0EC8EEC1-8A32-44AB-A75B-63743A51DE2A}.Debug|Win32.Build.0 = Debug|Win32
		{0EC8EEC1-8A32-44AB-A75B-63743A51DE2A}.Release|Win32.ActiveCfg = Release|Win32
		{0EC8EEC1-8A32-44AB-A75B-63743A51DE2A}.Release|Win32.Build.0 = Release|Win32
	EndGlobalSection
	GlobalSection(SolutionProperties) = preSolution
		HideSolutionNode = FALSE
	EndGlobalSection
EndGlobal
