
Microsoft Visual Studio Solution File, Format Version 11.00
# Visual C++ Express 2010
Project("{8BC9CEB8-8B4A-11D0-8D11-00A0C91BC942}") = "Guess 2", "Guess 2\Guess 2.vcxproj", "{81E4F36F-C899-410D-9996-5DFC9B66086A}"
EndProject
Global
	GlobalSection(SolutionConfigurationPlatforms) = preSolution
		Debug|Win32 = Debug|Win32
		Release|Win32 = Release|Win32
	EndGlobalSection
	GlobalSection(ProjectConfigurationPlatforms) = postSolution
		{81E4F36F-C899-410D-9996-5DFC9B66086A}.Debug|Win32.ActiveCfg = Debug|Win32
		{81E4F36F-C899-410D-9996-5DFC9B66086A}.Debug|Win32.Build.0 = Debug|Win32
		{81E4F36F-C899-410D-9996-5DFC9B66086A}.Release|Win32.ActiveCfg = Release|Win32
		{81E4F36F-C899-410D-9996-5DFC9B66086A}.Release|Win32.Build.0 = Release|Win32
	EndGlobalSection
	GlobalSection(SolutionProperties) = preSolution
		HideSolutionNode = FALSE
	EndGlobalSection
EndGlobal
