
Microsoft Visual Studio Solution File, Format Version 11.00
# Visual C++ Express 2010
Project("{8BC9CEB8-8B4A-11D0-8D11-00A0C91BC942}") = "Calculator", "Calculator\Calculator.vcxproj", "{07E25C2E-B34D-4672-BAD3-BE3088375FEB}"
EndProject
Global
	GlobalSection(SolutionConfigurationPlatforms) = preSolution
		Debug|Win32 = Debug|Win32
		Release|Win32 = Release|Win32
	EndGlobalSection
	GlobalSection(ProjectConfigurationPlatforms) = postSolution
		{07E25C2E-B34D-4672-BAD3-BE3088375FEB}.Debug|Win32.ActiveCfg = Debug|Win32
		{07E25C2E-B34D-4672-BAD3-BE3088375FEB}.Debug|Win32.Build.0 = Debug|Win32
		{07E25C2E-B34D-4672-BAD3-BE3088375FEB}.Release|Win32.ActiveCfg = Release|Win32
		{07E25C2E-B34D-4672-BAD3-BE3088375FEB}.Release|Win32.Build.0 = Release|Win32
	EndGlobalSection
	GlobalSection(SolutionProperties) = preSolution
		HideSolutionNode = FALSE
	EndGlobalSection
EndGlobal
