
Microsoft Visual Studio Solution File, Format Version 11.00
# Visual C++ Express 2010
Project("{8BC9CEB8-8B4A-11D0-8D11-00A0C91BC942}") = "Play", "Play\Play.vcxproj", "{6FCFF579-CC95-4A23-9D10-51CA8906AF28}"
EndProject
Global
	GlobalSection(SolutionConfigurationPlatforms) = preSolution
		Debug|Win32 = Debug|Win32
		Release|Win32 = Release|Win32
	EndGlobalSection
	GlobalSection(ProjectConfigurationPlatforms) = postSolution
		{6FCFF579-CC95-4A23-9D10-51CA8906AF28}.Debug|Win32.ActiveCfg = Debug|Win32
		{6FCFF579-CC95-4A23-9D10-51CA8906AF28}.Debug|Win32.Build.0 = Debug|Win32
		{6FCFF579-CC95-4A23-9D10-51CA8906AF28}.Release|Win32.ActiveCfg = Release|Win32
		{6FCFF579-CC95-4A23-9D10-51CA8906AF28}.Release|Win32.Build.0 = Release|Win32
	EndGlobalSection
	GlobalSection(SolutionProperties) = preSolution
		HideSolutionNode = FALSE
	EndGlobalSection
EndGlobal
